# This file is automatically @generated by Cargo.
# It is not intended for manual editing.
version = 3

[[package]]
name = "ash"
version = "0.37.3+1.3.251"
source = "registry+https://github.com/rust-lang/crates.io-index"
checksum = "39e9c3835d686b0a6084ab4234fcd1b07dbf6e4767dce60874b12356a25ecd4a"
dependencies = [
 "libloading",
]

[[package]]
name = "ash-window"
version = "0.12.0"
source = "registry+https://github.com/rust-lang/crates.io-index"
checksum = "b912285a7c29f3a8f87ca6f55afc48768624e5e33ec17dbd2f2075903f5e35ab"
dependencies = [
 "ash",
 "raw-window-handle",
 "raw-window-metal",
]

[[package]]
name = "autocfg"
version = "1.3.0"
source = "registry+https://github.com/rust-lang/crates.io-index"
checksum = "0c4b4d0bd25bd0b74681c0ad21497610ce1b7c91b1022cd21c80c6fbdd9476b0"

[[package]]
name = "bind"
version = "0.1.0"
dependencies = [
 "ash",
 "ash-window",
 "evdev",
 "gpu-allocator",
 "imgui",
 "imgui-rs-vulkan-renderer",
 "log",
 "raw-window-handle",
 "simple_logger",
 "vk-mem",
]

[[package]]
name = "bitflags"
version = "1.3.2"
source = "registry+https://github.com/rust-lang/crates.io-index"
checksum = "bef38d45163c2f1dde094a7dfd33ccf595c92905c8f8f4fdc18d06fb1037718a"

[[package]]
name = "bitflags"
version = "2.6.0"
source = "registry+https://github.com/rust-lang/crates.io-index"
checksum = "b048fb63fd8b5923fc5aa7b340d8e156aec7ec02f0c78fa8a6ddc2613f6f71de"

[[package]]
name = "bitvec"
version = "1.0.1"
source = "registry+https://github.com/rust-lang/crates.io-index"
checksum = "1bc2832c24239b0141d5674bb9174f9d68a8b5b3f2753311927c172ca46f7e9c"
dependencies = [
 "funty",
 "radium",
 "tap",
 "wyz",
]

[[package]]
name = "block"
version = "0.1.6"
source = "registry+https://github.com/rust-lang/crates.io-index"
checksum = "0d8c1fef690941d3e7788d328517591fecc684c084084702d6ff1641e993699a"

[[package]]
name = "bytemuck"
version = "1.16.1"
source = "registry+https://github.com/rust-lang/crates.io-index"
checksum = "b236fc92302c97ed75b38da1f4917b5cdda4984745740f153a5d3059e48d725e"

[[package]]
name = "cc"
version = "1.1.6"
source = "registry+https://github.com/rust-lang/crates.io-index"
checksum = "2aba8f4e9906c7ce3c73463f62a7f0c65183ada1a2d47e397cc8810827f9694f"

[[package]]
name = "cfg-if"
version = "1.0.0"
source = "registry+https://github.com/rust-lang/crates.io-index"
checksum = "baf1de4339761588bc0619e3cbc0120ee582ebb74b53b4efbf79117bd2da40fd"

[[package]]
name = "chlorine"
version = "1.0.12"
source = "registry+https://github.com/rust-lang/crates.io-index"
checksum = "1e10e7569f6ca78ef7664d7d651115172d4875c4410c050306bccde856a99a49"

[[package]]
name = "cocoa"
version = "0.25.0"
source = "registry+https://github.com/rust-lang/crates.io-index"
checksum = "f6140449f97a6e97f9511815c5632d84c8aacf8ac271ad77c559218161a1373c"
dependencies = [
 "bitflags 1.3.2",
 "block",
 "cocoa-foundation",
 "core-foundation",
 "core-graphics",
 "foreign-types",
 "libc",
 "objc",
]

[[package]]
name = "cocoa-foundation"
version = "0.1.2"
source = "registry+https://github.com/rust-lang/crates.io-index"
checksum = "8c6234cbb2e4c785b456c0644748b1ac416dd045799740356f8363dfe00c93f7"
dependencies = [
 "bitflags 1.3.2",
 "block",
 "core-foundation",
 "core-graphics-types",
 "libc",
 "objc",
]

[[package]]
name = "colored"
version = "2.1.0"
source = "registry+https://github.com/rust-lang/crates.io-index"
checksum = "cbf2150cce219b664a8a70df7a1f933836724b503f8a413af9365b4dcc4d90b8"
dependencies = [
 "lazy_static",
 "windows-sys",
]

[[package]]
name = "core-foundation"
version = "0.9.4"
source = "registry+https://github.com/rust-lang/crates.io-index"
checksum = "91e195e091a93c46f7102ec7818a2aa394e1e1771c3ab4825963fa03e45afb8f"
dependencies = [
 "core-foundation-sys",
 "libc",
]

[[package]]
name = "core-foundation-sys"
version = "0.8.6"
source = "registry+https://github.com/rust-lang/crates.io-index"
checksum = "06ea2b9bc92be3c2baa9334a323ebca2d6f074ff852cd1d7b11064035cd3868f"

[[package]]
name = "core-graphics"
version = "0.23.2"
source = "registry+https://github.com/rust-lang/crates.io-index"
checksum = "c07782be35f9e1140080c6b96f0d44b739e2278479f64e02fdab4e32dfd8b081"
dependencies = [
 "bitflags 1.3.2",
 "core-foundation",
 "core-graphics-types",
 "foreign-types",
 "libc",
]

[[package]]
name = "core-graphics-types"
version = "0.1.3"
source = "registry+https://github.com/rust-lang/crates.io-index"
checksum = "45390e6114f68f718cc7a830514a96f903cccd70d02a8f6d9f643ac4ba45afaf"
dependencies = [
 "bitflags 1.3.2",
 "core-foundation",
 "libc",
]

[[package]]
name = "deranged"
version = "0.3.11"
source = "registry+https://github.com/rust-lang/crates.io-index"
checksum = "b42b6fa04a440b495c8b04d0e71b707c585f83cb9cb28cf8cd0d976c315e31b4"
dependencies = [
 "powerfmt",
]

[[package]]
name = "evdev"
version = "0.12.2"
source = "registry+https://github.com/rust-lang/crates.io-index"
checksum = "ab6055a93a963297befb0f4f6e18f314aec9767a4bbe88b151126df2433610a7"
dependencies = [
 "bitvec",
 "cfg-if",
 "libc",
 "nix",
 "thiserror",
]

[[package]]
name = "foreign-types"
version = "0.5.0"
source = "registry+https://github.com/rust-lang/crates.io-index"
checksum = "d737d9aa519fb7b749cbc3b962edcf310a8dd1f4b67c91c4f83975dbdd17d965"
dependencies = [
 "foreign-types-macros",
 "foreign-types-shared",
]

[[package]]
name = "foreign-types-macros"
version = "0.2.3"
source = "registry+https://github.com/rust-lang/crates.io-index"
checksum = "1a5c6c585bc94aaf2c7b51dd4c2ba22680844aba4c687be581871a6f518c5742"
dependencies = [
 "proc-macro2",
 "quote",
 "syn",
]

[[package]]
name = "foreign-types-shared"
version = "0.3.1"
source = "registry+https://github.com/rust-lang/crates.io-index"
checksum = "aa9a19cbb55df58761df49b23516a86d432839add4af60fc256da840f66ed35b"

[[package]]
name = "funty"
version = "2.0.0"
source = "registry+https://github.com/rust-lang/crates.io-index"
checksum = "e6d5a32815ae3f33302d95fdcb2ce17862f8c65363dcfd29360480ba1001fc9c"

[[package]]
name = "gpu-allocator"
version = "0.26.0"
source = "registry+https://github.com/rust-lang/crates.io-index"
checksum = "fdd4240fc91d3433d5e5b0fc5b67672d771850dc19bbee03c1381e19322803d7"
dependencies = [
 "ash",
 "log",
 "presser",
 "thiserror",
]

[[package]]
name = "imgui"
version = "0.12.0"
source = "registry+https://github.com/rust-lang/crates.io-index"
checksum = "8addafa5cecf0515812226e806913814e02ce38d10215778082af5174abe5669"
dependencies = [
 "bitflags 1.3.2",
 "cfg-if",
 "imgui-sys",
 "mint",
 "parking_lot",
]

[[package]]
name = "imgui-rs-vulkan-renderer"
version = "1.13.0"
source = "registry+https://github.com/rust-lang/crates.io-index"
checksum = "3e7a176ce601d47f8ea265a1a26c9dfe1772b08d5d75a2521a1902c0a6586dbe"
dependencies = [
 "ash",
 "gpu-allocator",
 "imgui",
 "log",
 "thiserror",
 "ultraviolet",
]

[[package]]
name = "imgui-sys"
version = "0.12.0"
source = "registry+https://github.com/rust-lang/crates.io-index"
checksum = "ead193f9f4b60398e8b8f4ab1483e2321640d87aeebdaa3e5f44c55633ccd804"
dependencies = [
 "cc",
 "cfg-if",
 "chlorine",
 "mint",
]

[[package]]
name = "itoa"
version = "1.0.11"
source = "registry+https://github.com/rust-lang/crates.io-index"
checksum = "49f1f14873335454500d59611f1cf4a4b0f786f9ac11f4312a78e4cf2566695b"

[[package]]
name = "lazy_static"
version = "1.5.0"
source = "registry+https://github.com/rust-lang/crates.io-index"
checksum = "bbd2bcb4c963f2ddae06a2efc7e9f3591312473c50c6685e1f298068316e66fe"

[[package]]
name = "libc"
version = "0.2.155"
source = "registry+https://github.com/rust-lang/crates.io-index"
checksum = "97b3888a4aecf77e811145cadf6eef5901f4782c53886191b2f693f24761847c"

[[package]]
name = "libloading"
version = "0.7.4"
source = "registry+https://github.com/rust-lang/crates.io-index"
checksum = "b67380fd3b2fbe7527a606e18729d21c6f3951633d0500574c4dc22d2d638b9f"
dependencies = [
 "cfg-if",
 "winapi",
]

[[package]]
name = "lock_api"
version = "0.4.12"
source = "registry+https://github.com/rust-lang/crates.io-index"
checksum = "07af8b9cdd281b7915f413fa73f29ebd5d55d0d3f0155584dade1ff18cea1b17"
dependencies = [
 "autocfg",
 "scopeguard",
]

[[package]]
name = "log"
version = "0.4.22"
source = "registry+https://github.com/rust-lang/crates.io-index"
checksum = "a7a70ba024b9dc04c27ea2f0c0548feb474ec5c54bba33a7f72f873a39d07b24"

[[package]]
name = "malloc_buf"
version = "0.0.6"
source = "registry+https://github.com/rust-lang/crates.io-index"
checksum = "62bb907fe88d54d8d9ce32a3cceab4218ed2f6b7d35617cafe9adf84e43919cb"
dependencies = [
 "libc",
]

[[package]]
name = "memoffset"
version = "0.6.5"
source = "registry+https://github.com/rust-lang/crates.io-index"
checksum = "5aa361d4faea93603064a027415f07bd8e1d5c88c9fbf68bf56a285428fd79ce"
dependencies = [
 "autocfg",
]

[[package]]
name = "mint"
version = "0.5.9"
source = "registry+https://github.com/rust-lang/crates.io-index"
checksum = "e53debba6bda7a793e5f99b8dacf19e626084f525f7829104ba9898f367d85ff"

[[package]]
name = "nix"
version = "0.23.2"
source = "registry+https://github.com/rust-lang/crates.io-index"
checksum = "8f3790c00a0150112de0f4cd161e3d7fc4b2d8a5542ffc35f099a2562aecb35c"
dependencies = [
 "bitflags 1.3.2",
 "cc",
 "cfg-if",
 "libc",
 "memoffset",
]

[[package]]
name = "num-conv"
version = "0.1.0"
source = "registry+https://github.com/rust-lang/crates.io-index"
checksum = "51d515d32fb182ee37cda2ccdcb92950d6a3c2893aa280e540671c2cd0f3b1d9"

[[package]]
name = "num_threads"
version = "0.1.7"
source = "registry+https://github.com/rust-lang/crates.io-index"
checksum = "5c7398b9c8b70908f6371f47ed36737907c87c52af34c268fed0bf0ceb92ead9"
dependencies = [
 "libc",
]

[[package]]
name = "objc"
version = "0.2.7"
source = "registry+https://github.com/rust-lang/crates.io-index"
checksum = "915b1b472bc21c53464d6c8461c9d3af805ba1ef837e1cac254428f4a77177b1"
dependencies = [
 "malloc_buf",
]

[[package]]
name = "parking_lot"
version = "0.12.3"
source = "registry+https://github.com/rust-lang/crates.io-index"
checksum = "f1bf18183cf54e8d6059647fc3063646a1801cf30896933ec2311622cc4b9a27"
dependencies = [
 "lock_api",
 "parking_lot_core",
]

[[package]]
name = "parking_lot_core"
version = "0.9.10"
source = "registry+https://github.com/rust-lang/crates.io-index"
checksum = "1e401f977ab385c9e4e3ab30627d6f26d00e2c73eef317493c4ec6d468726cf8"
dependencies = [
 "cfg-if",
 "libc",
 "redox_syscall",
 "smallvec",
 "windows-targets 0.52.6",
]

[[package]]
name = "powerfmt"
version = "0.2.0"
source = "registry+https://github.com/rust-lang/crates.io-index"
checksum = "439ee305def115ba05938db6eb1644ff94165c5ab5e9420d1c1bcedbba909391"

[[package]]
name = "presser"
version = "0.3.1"
source = "registry+https://github.com/rust-lang/crates.io-index"
checksum = "e8cf8e6a8aa66ce33f63993ffc4ea4271eb5b0530a9002db8455ea6050c77bfa"

[[package]]
name = "proc-macro2"
version = "1.0.86"
source = "registry+https://github.com/rust-lang/crates.io-index"
checksum = "5e719e8df665df0d1c8fbfd238015744736151d4445ec0836b8e628aae103b77"
dependencies = [
 "unicode-ident",
]

[[package]]
name = "quote"
version = "1.0.36"
source = "registry+https://github.com/rust-lang/crates.io-index"
checksum = "0fa76aaf39101c457836aec0ce2316dbdc3ab723cdda1c6bd4e6ad4208acaca7"
dependencies = [
 "proc-macro2",
]

[[package]]
name = "radium"
version = "0.7.0"
source = "registry+https://github.com/rust-lang/crates.io-index"
checksum = "dc33ff2d4973d518d823d61aa239014831e521c75da58e3df4840d3f47749d09"

[[package]]
name = "raw-window-handle"
version = "0.5.2"
source = "registry+https://github.com/rust-lang/crates.io-index"
checksum = "f2ff9a1f06a88b01621b7ae906ef0211290d1c8a168a15542486a8f61c0833b9"

[[package]]
name = "raw-window-metal"
version = "0.3.2"
source = "registry+https://github.com/rust-lang/crates.io-index"
checksum = "ac4ea493258d54c24cb46aa9345d099e58e2ea3f30dd63667fc54fc892f18e76"
dependencies = [
 "cocoa",
 "core-graphics",
 "objc",
 "raw-window-handle",
]

[[package]]
name = "redox_syscall"
version = "0.5.3"
source = "registry+https://github.com/rust-lang/crates.io-index"
checksum = "2a908a6e00f1fdd0dfd9c0eb08ce85126f6d8bbda50017e74bc4a4b7d4a926a4"
dependencies = [
 "bitflags 2.6.0",
]

[[package]]
name = "safe_arch"
version = "0.7.2"
source = "registry+https://github.com/rust-lang/crates.io-index"
checksum = "c3460605018fdc9612bce72735cba0d27efbcd9904780d44c7e3a9948f96148a"
dependencies = [
 "bytemuck",
]

[[package]]
name = "scopeguard"
version = "1.2.0"
source = "registry+https://github.com/rust-lang/crates.io-index"
checksum = "94143f37725109f92c262ed2cf5e59bce7498c01bcc1502d7b9afe439a4e9f49"

[[package]]
name = "serde"
version = "1.0.204"
source = "registry+https://github.com/rust-lang/crates.io-index"
checksum = "bc76f558e0cbb2a839d37354c575f1dc3fdc6546b5be373ba43d95f231bf7c12"
dependencies = [
 "serde_derive",
]

[[package]]
name = "serde_derive"
version = "1.0.204"
source = "registry+https://github.com/rust-lang/crates.io-index"
checksum = "e0cd7e117be63d3c3678776753929474f3b04a43a080c744d6b0ae2a8c28e222"
dependencies = [
 "proc-macro2",
 "quote",
 "syn",
]

[[package]]
name = "simple_logger"
version = "5.0.0"
source = "registry+https://github.com/rust-lang/crates.io-index"
checksum = "e8c5dfa5e08767553704aa0ffd9d9794d527103c736aba9854773851fd7497eb"
dependencies = [
 "colored",
 "log",
 "time",
 "windows-sys",
]

[[package]]
name = "smallvec"
version = "1.13.2"
source = "registry+https://github.com/rust-lang/crates.io-index"
checksum = "3c5e1a9a646d36c3599cd173a41282daf47c44583ad367b8e6837255952e5c67"

[[package]]
name = "syn"
version = "2.0.72"
source = "registry+https://github.com/rust-lang/crates.io-index"
checksum = "dc4b9b9bf2add8093d3f2c0204471e951b2285580335de42f9d2534f3ae7a8af"
dependencies = [
 "proc-macro2",
 "quote",
 "unicode-ident",
]

[[package]]
name = "tap"
version = "1.0.1"
source = "registry+https://github.com/rust-lang/crates.io-index"
checksum = "55937e1799185b12863d447f42597ed69d9928686b8d88a1df17376a097d8369"

[[package]]
name = "thiserror"
version = "1.0.63"
source = "registry+https://github.com/rust-lang/crates.io-index"
checksum = "c0342370b38b6a11b6cc11d6a805569958d54cfa061a29969c3b5ce2ea405724"
dependencies = [
 "thiserror-impl",
]

[[package]]
name = "thiserror-impl"
version = "1.0.63"
source = "registry+https://github.com/rust-lang/crates.io-index"
checksum = "a4558b58466b9ad7ca0f102865eccc95938dca1a74a856f2b57b6629050da261"
dependencies = [
 "proc-macro2",
 "quote",
 "syn",
]

[[package]]
name = "time"
version = "0.3.36"
source = "registry+https://github.com/rust-lang/crates.io-index"
checksum = "5dfd88e563464686c916c7e46e623e520ddc6d79fa6641390f2e3fa86e83e885"
dependencies = [
 "deranged",
 "itoa",
 "libc",
 "num-conv",
 "num_threads",
 "powerfmt",
 "serde",
 "time-core",
 "time-macros",
]

[[package]]
name = "time-core"
version = "0.1.2"
source = "registry+https://github.com/rust-lang/crates.io-index"
checksum = "ef927ca75afb808a4d64dd374f00a2adf8d0fcff8e7b184af886c3c87ec4a3f3"

[[package]]
name = "time-macros"
version = "0.2.18"
source = "registry+https://github.com/rust-lang/crates.io-index"
checksum = "3f252a68540fde3a3877aeea552b832b40ab9a69e318efd078774a01ddee1ccf"
dependencies = [
 "num-conv",
 "time-core",
]

[[package]]
name = "ultraviolet"
version = "0.9.2"
source = "registry+https://github.com/rust-lang/crates.io-index"
checksum = "6a28554d13eb5daba527cc1b91b6c341372a0ae45ed277ffb2c6fbc04f319d7e"
dependencies = [
 "wide",
]

[[package]]
name = "unicode-ident"
version = "1.0.12"
source = "registry+https://github.com/rust-lang/crates.io-index"
checksum = "3354b9ac3fae1ff6755cb6db53683adb661634f67557942dea4facebec0fee4b"

[[package]]
name = "vk-mem"
version = "0.3.0"
source = "registry+https://github.com/rust-lang/crates.io-index"
checksum = "ff5064dc14af1024f16786e72d4c7b2ad10b11de5b405d0fa17dfef58e879a32"
dependencies = [
 "ash",
 "bitflags 1.3.2",
 "cc",
]

[[package]]
name = "wide"
version = "0.7.26"
source = "registry+https://github.com/rust-lang/crates.io-index"
checksum = "901e8597c777fa042e9e245bd56c0dc4418c5db3f845b6ff94fbac732c6a0692"
dependencies = [
 "bytemuck",
 "safe_arch",
]

[[package]]
name = "winapi"
version = "0.3.9"
source = "registry+https://github.com/rust-lang/crates.io-index"
checksum = "5c839a674fcd7a98952e593242ea400abe93992746761e38641405d28b00f419"
dependencies = [
 "winapi-i686-pc-windows-gnu",
 "winapi-x86_64-pc-windows-gnu",
]

[[package]]
name = "winapi-i686-pc-windows-gnu"
version = "0.4.0"
source = "registry+https://github.com/rust-lang/crates.io-index"
checksum = "ac3b87c63620426dd9b991e5ce0329eff545bccbbb34f3be09ff6fb6ab51b7b6"

[[package]]
name = "winapi-x86_64-pc-windows-gnu"
version = "0.4.0"
source = "registry+https://github.com/rust-lang/crates.io-index"
checksum = "712e227841d057c1ee1cd2fb22fa7e5a5461ae8e48fa2ca79ec42cfc1931183f"

[[package]]
name = "windows-sys"
version = "0.48.0"
source = "registry+https://github.com/rust-lang/crates.io-index"
checksum = "677d2418bec65e3338edb076e806bc1ec15693c5d0104683f2efe857f61056a9"
dependencies = [
 "windows-targets 0.48.5",
]

[[package]]
name = "windows-targets"
version = "0.48.5"
source = "registry+https://github.com/rust-lang/crates.io-index"
checksum = "9a2fa6e2155d7247be68c096456083145c183cbbbc2764150dda45a87197940c"
dependencies = [
 "windows_aarch64_gnullvm 0.48.5",
 "windows_aarch64_msvc 0.48.5",
 "windows_i686_gnu 0.48.5",
 "windows_i686_msvc 0.48.5",
 "windows_x86_64_gnu 0.48.5",
 "windows_x86_64_gnullvm 0.48.5",
 "windows_x86_64_msvc 0.48.5",
]

[[package]]
name = "windows-targets"
version = "0.52.6"
source = "registry+https://github.com/rust-lang/crates.io-index"
checksum = "9b724f72796e036ab90c1021d4780d4d3d648aca59e491e6b98e725b84e99973"
dependencies = [
 "windows_aarch64_gnullvm 0.52.6",
 "windows_aarch64_msvc 0.52.6",
 "windows_i686_gnu 0.52.6",
 "windows_i686_gnullvm",
 "windows_i686_msvc 0.52.6",
 "windows_x86_64_gnu 0.52.6",
 "windows_x86_64_gnullvm 0.52.6",
 "windows_x86_64_msvc 0.52.6",
]

[[package]]
name = "windows_aarch64_gnullvm"
version = "0.48.5"
source = "registry+https://github.com/rust-lang/crates.io-index"
checksum = "2b38e32f0abccf9987a4e3079dfb67dcd799fb61361e53e2882c3cbaf0d905d8"

[[package]]
name = "windows_aarch64_gnullvm"
version = "0.52.6"
source = "registry+https://github.com/rust-lang/crates.io-index"
checksum = "32a4622180e7a0ec044bb555404c800bc9fd9ec262ec147edd5989ccd0c02cd3"

[[package]]
name = "windows_aarch64_msvc"
version = "0.48.5"
source = "registry+https://github.com/rust-lang/crates.io-index"
checksum = "dc35310971f3b2dbbf3f0690a219f40e2d9afcf64f9ab7cc1be722937c26b4bc"

[[package]]
name = "windows_aarch64_msvc"
version = "0.52.6"
source = "registry+https://github.com/rust-lang/crates.io-index"
checksum = "09ec2a7bb152e2252b53fa7803150007879548bc709c039df7627cabbd05d469"

[[package]]
name = "windows_i686_gnu"
version = "0.48.5"
source = "registry+https://github.com/rust-lang/crates.io-index"
checksum = "a75915e7def60c94dcef72200b9a8e58e5091744960da64ec734a6c6e9b3743e"

[[package]]
name = "windows_i686_gnu"
version = "0.52.6"
source = "registry+https://github.com/rust-lang/crates.io-index"
checksum = "8e9b5ad5ab802e97eb8e295ac6720e509ee4c243f69d781394014ebfe8bbfa0b"

[[package]]
name = "windows_i686_gnullvm"
version = "0.52.6"
source = "registry+https://github.com/rust-lang/crates.io-index"
checksum = "0eee52d38c090b3caa76c563b86c3a4bd71ef1a819287c19d586d7334ae8ed66"

[[package]]
name = "windows_i686_msvc"
version = "0.48.5"
source = "registry+https://github.com/rust-lang/crates.io-index"
checksum = "8f55c233f70c4b27f66c523580f78f1004e8b5a8b659e05a4eb49d4166cca406"

[[package]]
name = "windows_i686_msvc"
version = "0.52.6"
source = "registry+https://github.com/rust-lang/crates.io-index"
checksum = "240948bc05c5e7c6dabba28bf89d89ffce3e303022809e73deaefe4f6ec56c66"

[[package]]
name = "windows_x86_64_gnu"
version = "0.48.5"
source = "registry+https://github.com/rust-lang/crates.io-index"
checksum = "53d40abd2583d23e4718fddf1ebec84dbff8381c07cae67ff7768bbf19c6718e"

[[package]]
name = "windows_x86_64_gnu"
version = "0.52.6"
source = "registry+https://github.com/rust-lang/crates.io-index"
checksum = "147a5c80aabfbf0c7d901cb5895d1de30ef2907eb21fbbab29ca94c5b08b1a78"

[[package]]
name = "windows_x86_64_gnullvm"
version = "0.48.5"
source = "registry+https://github.com/rust-lang/crates.io-index"
checksum = "0b7b52767868a23d5bab768e390dc5f5c55825b6d30b86c844ff2dc7414044cc"

[[package]]
name = "windows_x86_64_gnullvm"
version = "0.52.6"
source = "registry+https://github.com/rust-lang/crates.io-index"
checksum = "24d5b23dc417412679681396f2b49f3de8c1473deb516bd34410872eff51ed0d"

[[package]]
name = "windows_x86_64_msvc"
version = "0.48.5"
source = "registry+https://github.com/rust-lang/crates.io-index"
checksum = "ed94fce61571a4006852b7389a063ab983c02eb1bb37b47f8272ce92d06d9538"

[[package]]
name = "windows_x86_64_msvc"
version = "0.52.6"
source = "registry+https://github.com/rust-lang/crates.io-index"
checksum = "589f6da84c646204747d1270a2a5661ea66ed1cced2631d546fdfb155959f9ec"

[[package]]
name = "wyz"
version = "0.5.1"
source = "registry+https://github.com/rust-lang/crates.io-index"
checksum = "05f360fc0b24296329c78fda852a1e9ae82de9cf7b27dae4b7f62f118f77b9ed"
dependencies = [
 "tap",
]
